
Microsoft Visual Studio Solution File, Format Version 12.00
# Visual Studio Version 17
VisualStudioVersion = 17.12.35707.178
MinimumVisualStudioVersion = 10.0.40219.1
Project("{2150E333-8FDC-42A3-9474-1A3956D46DE8}") = "1-Domain", "1-Domain", "{0277DAA1-6B2E-495D-83DA-31688232B1CE}"
EndProject
Project("{2150E333-8FDC-42A3-9474-1A3956D46DE8}") = "2-Application", "2-Application", "{21D3E542-92DD-4CFD-87E7-EC53559CF2A3}"
EndProject
Project("{2150E333-8FDC-42A3-9474-1A3956D46DE8}") = "3-Infrastructure", "3-Infrastructure", "{9AA6C89C-1C8E-4293-9892-6DF798EF004E}"
EndProject
Project("{2150E333-8FDC-42A3-9474-1A3956D46DE8}") = "4-Presentation", "4-Presentation", "{518BD25C-C483-4025-AA10-7E4849B765B2}"
EndProject
Project("{FAE04EC0-301F-11D3-BF4B-00C04F79EFBC}") = "DomainLayer", "DomainLayer\DomainLayer.csproj", "{AD6DAFB0-A759-4576-BA06-55DD085C1146}"
EndProject
Project("{FAE04EC0-301F-11D3-BF4B-00C04F79EFBC}") = "ApplicationLayer", "ApplicationLayer\ApplicationLayer.csproj", "{30C4EA62-D6C0-4040-B619-C49BD63DED2A}"
EndProject
Project("{FAE04EC0-301F-11D3-BF4B-00C04F79EFBC}") = "InfrastructureLayer", "InfrastructureLayer\InfrastructureLayer.csproj", "{991F2694-FA1F-4FBD-95B8-DC7639B5F42A}"
EndProject
Project("{FAE04EC0-301F-11D3-BF4B-00C04F79EFBC}") = "PresentationApp", "PresentationApp\PresentationApp.csproj", "{16C7B7EB-F562-49CD-A92F-93FE93A8F256}"
EndProject
Project("{2150E333-8FDC-42A3-9474-1A3956D46DE8}") = "src", "src", "{2B8414FC-D053-4D4B-861C-529CE55F7611}"
EndProject
Project("{2150E333-8FDC-42A3-9474-1A3956D46DE8}") = "test", "test", "{3A9BFE40-8DFF-4997-80D4-5136AF787676}"
EndProject
Project("{FAE04EC0-301F-11D3-BF4B-00C04F79EFBC}") = "CleanArchitecture.UnitTest", "CleanArchitecture.UnitTest\CleanArchitecture.UnitTest.csproj", "{F6374820-DAC2-4469-B9B5-3BC9F78446E1}"
EndProject
Global
	GlobalSection(SolutionConfigurationPlatforms) = preSolution
		Debug|Any CPU = Debug|Any CPU
		Release|Any CPU = Release|Any CPU
	EndGlobalSection
	GlobalSection(ProjectConfigurationPlatforms) = postSolution
		{AD6DAFB0-A759-4576-BA06-55DD085C1146}.Debug|Any CPU.ActiveCfg = Debug|Any CPU
		{AD6DAFB0-A759-4576-BA06-55DD085C1146}.Debug|Any CPU.Build.0 = Debug|Any CPU
		{AD6DAFB0-A759-4576-BA06-55DD085C1146}.Release|Any CPU.ActiveCfg = Release|Any CPU
		{AD6DAFB0-A759-4576-BA06-55DD085C1146}.Release|Any CPU.Build.0 = Release|Any CPU
		{30C4EA62-D6C0-4040-B619-C49BD63DED2A}.Debug|Any CPU.ActiveCfg = Debug|Any CPU
		{30C4EA62-D6C0-4040-B619-C49BD63DED2A}.Debug|Any CPU.Build.0 = Debug|Any CPU
		{30C4EA62-D6C0-4040-B619-C49BD63DED2A}.Release|Any CPU.ActiveCfg = Release|Any CPU
		{30C4EA62-D6C0-4040-B619-C49BD63DED2A}.Release|Any CPU.Build.0 = Release|Any CPU
		{991F2694-FA1F-4FBD-95B8-DC7639B5F42A}.Debug|Any CPU.ActiveCfg = Debug|Any CPU
		{991F2694-FA1F-4FBD-95B8-DC7639B5F42A}.Debug|Any CPU.Build.0 = Debug|Any CPU
		{991F2694-FA1F-4FBD-95B8-DC7639B5F42A}.Release|Any CPU.ActiveCfg = Release|Any CPU
		{991F2694-FA1F-4FBD-95B8-DC7639B5F42A}.Release|Any CPU.Build.0 = Release|Any CPU
		{16C7B7EB-F562-49CD-A92F-93FE93A8F256}.Debug|Any CPU.ActiveCfg = Debug|Any CPU
		{16C7B7EB-F562-49CD-A92F-93FE93A8F256}.Debug|Any CPU.Build.0 = Debug|Any CPU
		{16C7B7EB-F562-49CD-A92F-93FE93A8F256}.Release|Any CPU.ActiveCfg = Release|Any CPU
		{16C7B7EB-F562-49CD-A92F-93FE93A8F256}.Release|Any CPU.Build.0 = Release|Any CPU
		{F6374820-DAC2-4469-B9B5-3BC9F78446E1}.Debug|Any CPU.ActiveCfg = Debug|Any CPU
		{F6374820-DAC2-4469-B9B5-3BC9F78446E1}.Debug|Any CPU.Build.0 = Debug|Any CPU
		{F6374820-DAC2-4469-B9B5-3BC9F78446E1}.Release|Any CPU.ActiveCfg = Release|Any CPU
		{F6374820-DAC2-4469-B9B5-3BC9F78446E1}.Release|Any CPU.Build.0 = Release|Any CPU
	EndGlobalSection
	GlobalSection(SolutionProperties) = preSolution
		HideSolutionNode = FALSE
	EndGlobalSection
	GlobalSection(NestedProjects) = preSolution
		{0277DAA1-6B2E-495D-83DA-31688232B1CE} = {2B8414FC-D053-4D4B-861C-529CE55F7611}
		{21D3E542-92DD-4CFD-87E7-EC53559CF2A3} = {2B8414FC-D053-4D4B-861C-529CE55F7611}
		{9AA6C89C-1C8E-4293-9892-6DF798EF004E} = {2B8414FC-D053-4D4B-861C-529CE55F7611}
		{518BD25C-C483-4025-AA10-7E4849B765B2} = {2B8414FC-D053-4D4B-861C-529CE55F7611}
		{AD6DAFB0-A759-4576-BA06-55DD085C1146} = {0277DAA1-6B2E-495D-83DA-31688232B1CE}
		{30C4EA62-D6C0-4040-B619-C49BD63DED2A} = {21D3E542-92DD-4CFD-87E7-EC53559CF2A3}
		{991F2694-FA1F-4FBD-95B8-DC7639B5F42A} = {9AA6C89C-1C8E-4293-9892-6DF798EF004E}
		{16C7B7EB-F562-49CD-A92F-93FE93A8F256} = {518BD25C-C483-4025-AA10-7E4849B765B2}
		{F6374820-DAC2-4469-B9B5-3BC9F78446E1} = {3A9BFE40-8DFF-4997-80D4-5136AF787676}
	EndGlobalSection
EndGlobal
